{
  "nodes": {
    "home-manager": {
      "inputs": {
        "nixpkgs": [
          "nixpkgs"
        ]
      },
      "locked": {
        "lastModified": 1733085484,
        "narHash": "sha256-dVmNuUajnU18oHzBQWZm1BQtANCHaqNuxTHZQ+GN0r8=",
        "owner": "nix-community",
        "repo": "home-manager",
        "rev": "c1fee8d4a60b89cae12b288ba9dbc608ff298163",
        "type": "github"
      },
      "original": {
        "owner": "nix-community",
        "repo": "home-manager",
        "type": "github"
      }
    },
    "nixpkgs": {
      "locked": {
        "lastModified": 1733064805,
        "narHash": "sha256-7NbtSLfZO0q7MXPl5hzA0sbVJt6pWxxtGWbaVUDDmjs=",
        "owner": "nixos",
        "repo": "nixpkgs",
        "rev": "31d66ae40417bb13765b0ad75dd200400e98de84",
        "type": "github"
      },
      "original": {
        "owner": "nixos",
        "ref": "nixpkgs-unstable",
        "repo": "nixpkgs",
        "type": "github"
      }
    },
    "nixpkgs-darwin": {
      "locked": {
        "lastModified": 1730891215,
        "narHash": "sha256-i85DPrhDuvzgvIWCpJlbfM2UFtNYbapo20MtQXsvay4=",
        "owner": "nixos",
        "repo": "nixpkgs",
        "rev": "c128e44a249d6180740d0a979b6480d5b795c013",
        "type": "github"
      },
      "original": {
        "owner": "nixos",
        "ref": "nixpkgs-24.05-darwin",
        "repo": "nixpkgs",
        "type": "github"
      }
    },
    "root": {
      "inputs": {
        "home-manager": "home-manager",
        "nixpkgs": "nixpkgs",
        "nixpkgs-darwin": "nixpkgs-darwin"
      }
    }
  },
  "root": "root",
  "version": 7
}
